
Microsoft Visual Studio Solution File, Format Version 12.00
# Visual Studio Version 16
VisualStudioVersion = 16.0.32413.511
MinimumVisualStudioVersion = 10.0.40219.1
Project("{FAE04EC0-301F-11D3-BF4B-00C04F79EFBC}") = "Atividade01", "Atividade01\Atividade01.csproj", "{EB8E4150-7F95-4F89-A4E6-61591FB6F3F2}"
EndProject
Global
	GlobalSection(SolutionConfigurationPlatforms) = preSolution
		Debug|Any CPU = Debug|Any CPU
		Release|Any CPU = Release|Any CPU
	EndGlobalSection
	GlobalSection(ProjectConfigurationPlatforms) = postSolution
		{EB8E4150-7F95-4F89-A4E6-61591FB6F3F2}.Debug|Any CPU.ActiveCfg = Debug|Any CPU
		{EB8E4150-7F95-4F89-A4E6-61591FB6F3F2}.Debug|Any CPU.Build.0 = Debug|Any CPU
		{EB8E4150-7F95-4F89-A4E6-61591FB6F3F2}.Release|Any CPU.ActiveCfg = Release|Any CPU
		{EB8E4150-7F95-4F89-A4E6-61591FB6F3F2}.Release|Any CPU.Build.0 = Release|Any CPU
	EndGlobalSection
	GlobalSection(SolutionProperties) = preSolution
		HideSolutionNode = FALSE
	EndGlobalSection
	GlobalSection(ExtensibilityGlobals) = postSolution
		SolutionGuid = {B684BFA0-BCB3-4CC8-81B7-767BF196006E}
	EndGlobalSection
EndGlobal
